
Microsoft Visual Studio Solution File, Format Version 12.00
# Visual Studio Version 17
VisualStudioVersion = 17.2.32616.157
MinimumVisualStudioVersion = 10.0.40219.1
Project("{9A19103F-16F7-4668-BE54-9A1E7A4F7556}") = "CarvedRock.UI", "CarvedRock.UI\CarvedRock.UI.csproj", "{C0B6AD68-DF5E-4618-9ADE-EA200F16081D}"
EndProject
Project("{9A19103F-16F7-4668-BE54-9A1E7A4F7556}") = "CarvedRock.Api", "CarvedRock.Api\CarvedRock.Api.csproj", "{18FCC603-B9FB-420A-8660-488D48129087}"
EndProject
Project("{E53339B2-1760-4266-BCC7-CA923CBCF16C}") = "docker-compose", "docker-compose.dcproj", "{FA0862E3-9D92-4D61-8694-F49755DAF2D3}"
EndProject
Project("{FAE04EC0-301F-11D3-BF4B-00C04F79EFBC}") = "CarvedRock.Shared", "CarvedRock.Shared\CarvedRock.Shared.csproj", "{0A47E25E-8DCE-48CD-83C6-017B70919A31}"
EndProject
Global
	GlobalSection(SolutionConfigurationPlatforms) = preSolution
		Debug|Any CPU = Debug|Any CPU
		Release|Any CPU = Release|Any CPU
	EndGlobalSection
	GlobalSection(ProjectConfigurationPlatforms) = postSolution
		{C0B6AD68-DF5E-4618-9ADE-EA200F16081D}.Debug|Any CPU.ActiveCfg = Debug|Any CPU
		{C0B6AD68-DF5E-4618-9ADE-EA200F16081D}.Debug|Any CPU.Build.0 = Debug|Any CPU
		{C0B6AD68-DF5E-4618-9ADE-EA200F16081D}.Release|Any CPU.ActiveCfg = Release|Any CPU
		{C0B6AD68-DF5E-4618-9ADE-EA200F16081D}.Release|Any CPU.Build.0 = Release|Any CPU
		{18FCC603-B9FB-420A-8660-488D48129087}.Debug|Any CPU.ActiveCfg = Debug|Any CPU
		{18FCC603-B9FB-420A-8660-488D48129087}.Debug|Any CPU.Build.0 = Debug|Any CPU
		{18FCC603-B9FB-420A-8660-488D48129087}.Release|Any CPU.ActiveCfg = Release|Any CPU
		{18FCC603-B9FB-420A-8660-488D48129087}.Release|Any CPU.Build.0 = Release|Any CPU
		{FA0862E3-9D92-4D61-8694-F49755DAF2D3}.Debug|Any CPU.ActiveCfg = Debug|Any CPU
		{FA0862E3-9D92-4D61-8694-F49755DAF2D3}.Debug|Any CPU.Build.0 = Debug|Any CPU
		{FA0862E3-9D92-4D61-8694-F49755DAF2D3}.Release|Any CPU.ActiveCfg = Release|Any CPU
		{FA0862E3-9D92-4D61-8694-F49755DAF2D3}.Release|Any CPU.Build.0 = Release|Any CPU
		{0A47E25E-8DCE-48CD-83C6-017B70919A31}.Debug|Any CPU.ActiveCfg = Debug|Any CPU
		{0A47E25E-8DCE-48CD-83C6-017B70919A31}.Debug|Any CPU.Build.0 = Debug|Any CPU
		{0A47E25E-8DCE-48CD-83C6-017B70919A31}.Release|Any CPU.ActiveCfg = Release|Any CPU
		{0A47E25E-8DCE-48CD-83C6-017B70919A31}.Release|Any CPU.Build.0 = Release|Any CPU
	EndGlobalSection
	GlobalSection(SolutionProperties) = preSolution
		HideSolutionNode = FALSE
	EndGlobalSection
	GlobalSection(ExtensibilityGlobals) = postSolution
		SolutionGuid = {84C0C643-8531-4479-90A0-578C022E997E}
	EndGlobalSection
EndGlobal
